
Microsoft Visual Studio Solution File, Format Version 12.00
# Visual Studio Version 17
VisualStudioVersion = 17.1.32210.238
MinimumVisualStudioVersion = 10.0.40219.1
Project("{FAE04EC0-301F-11D3-BF4B-00C04F79EFBC}") = "Lab 13", "Lab 13\Lab 13.csproj", "{DE0B4E91-73B5-4FC9-8B4D-CE10FA6D744B}"
EndProject
Global
	GlobalSection(SolutionConfigurationPlatforms) = preSolution
		Debug|Any CPU = Debug|Any CPU
		Release|Any CPU = Release|Any CPU
	EndGlobalSection
	GlobalSection(ProjectConfigurationPlatforms) = postSolution
		{DE0B4E91-73B5-4FC9-8B4D-CE10FA6D744B}.Debug|Any CPU.ActiveCfg = Debug|Any CPU
		{DE0B4E91-73B5-4FC9-8B4D-CE10FA6D744B}.Debug|Any CPU.Build.0 = Debug|Any CPU
		{DE0B4E91-73B5-4FC9-8B4D-CE10FA6D744B}.Release|Any CPU.ActiveCfg = Release|Any CPU
		{DE0B4E91-73B5-4FC9-8B4D-CE10FA6D744B}.Release|Any CPU.Build.0 = Release|Any CPU
	EndGlobalSection
	GlobalSection(SolutionProperties) = preSolution
		HideSolutionNode = FALSE
	EndGlobalSection
	GlobalSection(ExtensibilityGlobals) = postSolution
		SolutionGuid = {2A4DC5AF-0C80-463A-B82F-B0489105DE36}
	EndGlobalSection
EndGlobal
